<?xml version="1.0" encoding="utf-8"?>
<Project ToolsVersion="4.0" xmlns="http://schemas.microsoft.com/developer/msbuild/2003">
  <ItemGroup>
    <ClCompile Include="Source\Core\BaseApp.cpp" />
    <ClCompile Include="Source\Core\Time.cpp" />
    <ClCompile Include="Source\main.cpp" />
    <ClCompile Include="Source\TesterOfBaseApp.cpp" />
    <ClCompile Include="Source\Input\Cameras\BaseCam.cpp" />
    <ClCompile Include="Source\Maths\Mat4x4.cpp" />
    <ClCompile Include="Source\Maths\Mat3x3.cpp" />
    <ClCompile Include="Source\Maths\Mat2x2.cpp" />
    <ClCompile Include="Source\Maths\Vec2.cpp" />
    <ClCompile Include="Source\Maths\Vec3.cpp" />
    <ClCompile Include="Source\Maths\Vec4.cpp" />
    <ClCompile Include="Source\Input\Cameras\FlyCam.cpp" />
    <ClCompile Include="Source\Render\Gizmos.cpp" />
    <ClCompile Include="Source\Render\Material\Material.cpp" />
    <ClCompile Include="Source\Render\GL\GLProgram.cpp" />
    <ClCompile Include="Source\Render\GL\GLShader.cpp" />
    <ClCompile Include="Source\Render\GL\GLWindow.cpp" />
    <ClCompile Include="Source\Core\GL\Shader.cpp" />
    <ClCompile Include="Source\Core\GL\ShaderHandle.cpp" />
    <ClCompile Include="Source\Core\gl_core_4_4.cpp" />
    <ClCompile Include="Source\Render\SkyBox.cpp" />
    <ClCompile Include="Source\Input\Input.cpp" />
    <ClCompile Include="Source\Console\Console.cpp" />
  </ItemGroup>
  <ItemGroup>
    <ClInclude Include="Source\Core\BaseApp.h" />
    <ClInclude Include="Source\Core\Time.h" />
    <ClInclude Include="Source\TesterOfBaseApp.h" />
    <ClInclude Include="Source\Input\Cameras\BaseCam.h" />
    <ClInclude Include="Source\Maths\GenGeinMaths.h" />
    <ClInclude Include="Source\Input\Cameras\FlyCam.h" />
    <ClInclude Include="Source\Render\Gizmos.h" />
    <ClInclude Include="Source\Render\Material\Material.h" />
    <ClInclude Include="Source\Render\GL\GLProgram.h" />
    <ClInclude Include="Source\Render\GL\GLShader.h" />
    <ClInclude Include="Source\Render\GL\GLWindow.h" />
    <ClInclude Include="Source\Core\GL\Shader.h" />
    <ClInclude Include="Source\Core\GL\ShaderHandle.h" />
    <ClInclude Include="Source\Core\gl_core_4_4.h" />
    <ClInclude Include="Source\Render\SkyBox.h" />
    <ClInclude Include="Source\Input\Input.h" />
    <ClInclude Include="Source\Console\Console.h" />
  </ItemGroup>
</Project>